
Microsoft Visual Studio Solution File, Format Version 12.00
# Visual Studio 2015
Project("{FAE04EC0-301F-11D3-BF4B-00C04F79EFBC}") = "Epic Cube.CSharp", "Epic Cube.CSharp.csproj", "{36C23105-C56B-9EF7-251C-4A89A8D36911}"
EndProject
Project("{FAE04EC0-301F-11D3-BF4B-00C04F79EFBC}") = "Epic Cube.CSharp.Editor", "Epic Cube.CSharp.Editor.csproj", "{2CEE4B2B-219E-9CB8-BEAB-8DC639A656CE}"
EndProject
Global
	GlobalSection(SolutionConfigurationPlatforms) = preSolution
		Debug|Any CPU = Debug|Any CPU
		Release|Any CPU = Release|Any CPU
	EndGlobalSection
	GlobalSection(ProjectConfigurationPlatforms) = postSolution
		{36C23105-C56B-9EF7-251C-4A89A8D36911}.Debug|Any CPU.ActiveCfg = Debug|Any CPU
		{36C23105-C56B-9EF7-251C-4A89A8D36911}.Debug|Any CPU.Build.0 = Debug|Any CPU
		{36C23105-C56B-9EF7-251C-4A89A8D36911}.Release|Any CPU.ActiveCfg = Release|Any CPU
		{36C23105-C56B-9EF7-251C-4A89A8D36911}.Release|Any CPU.Build.0 = Release|Any CPU
		{2CEE4B2B-219E-9CB8-BEAB-8DC639A656CE}.Debug|Any CPU.ActiveCfg = Debug|Any CPU
		{2CEE4B2B-219E-9CB8-BEAB-8DC639A656CE}.Debug|Any CPU.Build.0 = Debug|Any CPU
		{2CEE4B2B-219E-9CB8-BEAB-8DC639A656CE}.Release|Any CPU.ActiveCfg = Release|Any CPU
		{2CEE4B2B-219E-9CB8-BEAB-8DC639A656CE}.Release|Any CPU.Build.0 = Release|Any CPU
	EndGlobalSection
	GlobalSection(SolutionProperties) = preSolution
		HideSolutionNode = FALSE
	EndGlobalSection
EndGlobal
